// !$*UTF8*$!
{
	archiveVersion = 1;
	classes = {
	};
	objectVersion = 50;
	objects = {

/* Begin PBXBuildFile section */
		986320BB2163A8470069D3F8 /* AppDelegate.swift in Sources */ = {isa = PBXBuildFile; fileRef = 986320BA2163A8470069D3F8 /* AppDelegate.swift */; };
		986320BD2163A8470069D3F8 /* ViewController.swift in Sources */ = {isa = PBXBuildFile; fileRef = 986320BC2163A8470069D3F8 /* ViewController.swift */; };
		986320C02163A8470069D3F8 /* Main.storyboard in Resources */ = {isa = PBXBuildFile; fileRef = 986320BE2163A8470069D3F8 /* Main.storyboard */; };
		986320C22163A84A0069D3F8 /* Assets.xcassets in Resources */ = {isa = PBXBuildFile; fileRef = 986320C12163A84A0069D3F8 /* Assets.xcassets */; };
		986320C52163A84A0069D3F8 /* LaunchScreen.storyboard in Resources */ = {isa = PBXBuildFile; fileRef = 986320C32163A84A0069D3F8 /* LaunchScreen.storyboard */; };
		986320CD2163AF220069D3F8 /* ZipCodeTextFieldDelegate.swift in Sources */ = {isa = PBXBuildFile; fileRef = 986320CC2163AF220069D3F8 /* ZipCodeTextFieldDelegate.swift */; };
		986320D22163DBA40069D3F8 /* CashTextFieldDelegate.swift in Sources */ = {isa = PBXBuildFile; fileRef = 986320D12163DBA40069D3F8 /* CashTextFieldDelegate.swift */; };
/* End PBXBuildFile section */

/* Begin PBXFileReference section */
		986320B72163A8470069D3F8 /* DelegatesChallenge.app */ = {isa = PBXFileReference; explicitFileType = wrapper.application; includeInIndex = 0; path = DelegatesChallenge.app; sourceTree = BUILT_PRODUCTS_DIR; };
		986320BA2163A8470069D3F8 /* AppDelegate.swift */ = {isa = PBXFileReference; lastKnownFileType = sourcecode.swift; path = AppDelegate.swift; sourceTree = "<group>"; };
		986320BC2163A8470069D3F8 /* ViewController.swift */ = {isa = PBXFileReference; lastKnownFileType = sourcecode.swift; path = ViewController.swift; sourceTree = "<group>"; };
		986320BF2163A8470069D3F8 /* Base */ = {isa = PBXFileReference; lastKnownFileType = file.storyboard; name = Base; path = Base.lproj/Main.storyboard; sourceTree = "<group>"; };
		986320C12163A84A0069D3F8 /* Assets.xcassets */ = {isa = PBXFileReference; lastKnownFileType = folder.assetcatalog; path = Assets.xcassets; sourceTree = "<group>"; };
		986320C42163A84A0069D3F8 /* Base */ = {isa = PBXFileReference; lastKnownFileType = file.storyboard; name = Base; path = Base.lproj/LaunchScreen.storyboard; sourceTree = "<group>"; };
		986320C62163A84A0069D3F8 /* Info.plist */ = {isa = PBXFileReference; lastKnownFileType = text.plist.xml; path = Info.plist; sourceTree = "<group>"; };
		986320CC2163AF220069D3F8 /* ZipCodeTextFieldDelegate.swift */ = {isa = PBXFileReference; lastKnownFileType = sourcecode.swift; path = ZipCodeTextFieldDelegate.swift; sourceTree = "<group>"; };
		986320D12163DBA40069D3F8 /* CashTextFieldDelegate.swift */ = {isa = PBXFileReference; lastKnownFileType = sourcecode.swift; path = CashTextFieldDelegate.swift; sourceTree = "<group>"; };
/* End PBXFileReference section */

/* Begin PBXFrameworksBuildPhase section */
		986320B42163A8470069D3F8 /* Frameworks */ = {
			isa = PBXFrameworksBuildPhase;
			buildActionMask = 2147483647;
			files = (
			);
			runOnlyForDeploymentPostprocessing = 0;
		};
/* End PBXFrameworksBuildPhase section */

/* Begin PBXGroup section */
		986320AE2163A8470069D3F8 = {
			isa = PBXGroup;
			children = (
				986320B92163A8470069D3F8 /* DelegatesChallenge */,
				986320B82163A8470069D3F8 /* Products */,
			);
			sourceTree = "<group>";
		};
		986320B82163A8470069D3F8 /* Products */ = {
			isa = PBXGroup;
			children = (
				986320B72163A8470069D3F8 /* DelegatesChallenge.app */,
			);
			name = Products;
			sourceTree = "<group>";
		};
		986320B92163A8470069D3F8 /* DelegatesChallenge */ = {
			isa = PBXGroup;
			children = (
				986320D02163B1FA0069D3F8 /* Text Field Delegates */,
				986320BA2163A8470069D3F8 /* AppDelegate.swift */,
				986320BC2163A8470069D3F8 /* ViewController.swift */,
				986320BE2163A8470069D3F8 /* Main.storyboard */,
				986320C12163A84A0069D3F8 /* Assets.xcassets */,
				986320C32163A84A0069D3F8 /* LaunchScreen.storyboard */,
				986320C62163A84A0069D3F8 /* Info.plist */,
			);
			path = DelegatesChallenge;
			sourceTree = "<group>";
		};
		986320D02163B1FA0069D3F8 /* Text Field Delegates */ = {
			isa = PBXGroup;
			children = (
				986320CC2163AF220069D3F8 /* ZipCodeTextFieldDelegate.swift */,
				986320D12163DBA40069D3F8 /* CashTextFieldDelegate.swift */,
			);
			name = "Text Field Delegates";
			sourceTree = "<group>";
		};
/* End PBXGroup section */

/* Begin PBXNativeTarget section */
		986320B62163A8470069D3F8 /* DelegatesChallenge */ = {
			isa = PBXNativeTarget;
			buildConfigurationList = 986320C92163A84A0069D3F8 /* Build configuration list for PBXNativeTarget "DelegatesChallenge" */;
			buildPhases = (
				986320B32163A8470069D3F8 /* Sources */,
				986320B42163A8470069D3F8 /* Frameworks */,
				986320B52163A8470069D3F8 /* Resources */,
			);
			buildRules = (
			);
			dependencies = (
			);
			name = DelegatesChallenge;
			productName = DelegatesChallenge;
			productReference = 986320B72163A8470069D3F8 /* DelegatesChallenge.app */;
			productType = "com.apple.product-type.application";
		};
/* End PBXNativeTarget section */

/* Begin PBXProject section */
		986320AF2163A8470069D3F8 /* Project object */ = {
			isa = PBXProject;
			attributes = {
				LastSwiftUpdateCheck = 1000;
				LastUpgradeCheck = 1000;
				ORGANIZATIONNAME = "Felipe Ribeiro";
				TargetAttributes = {
					986320B62163A8470069D3F8 = {
						CreatedOnToolsVersion = 10.0;
					};
				};
			};
			buildConfigurationList = 986320B22163A8470069D3F8 /* Build configuration list for PBXProject "DelegatesChallenge" */;
			compatibilityVersion = "Xcode 9.3";
			developmentRegion = en;
			hasScannedForEncodings = 0;
			knownRegions = (
				en,
				Base,
			);
			mainGroup = 986320AE2163A8470069D3F8;
			productRefGroup = 986320B82163A8470069D3F8 /* Products */;
			projectDirPath = "";
			projectRoot = "";
			targets = (
				986320B62163A8470069D3F8 /* DelegatesChallenge */,
			);
		};
/* End PBXProject section */

/* Begin PBXResourcesBuildPhase section */
		986320B52163A8470069D3F8 /* Resources */ = {
			isa = PBXResourcesBuildPhase;
			buildActionMask = 2147483647;
			files = (
				986320C52163A84A0069D3F8 /* LaunchScreen.storyboard in Resources */,
				986320C22163A84A0069D3F8 /* Assets.xcassets in Resources */,
				986320C02163A8470069D3F8 /* Main.storyboard in Resources */,
			);
			runOnlyForDeploymentPostprocessing = 0;
		};
/* End PBXResourcesBuildPhase section */

/* Begin PBXSourcesBuildPhase section */
		986320B32163A8470069D3F8 /* Sources */ = {
			isa = PBXSourcesBuildPhase;
			buildActionMask = 2147483647;
			files = (
				986320CD2163AF220069D3F8 /* ZipCodeTextFieldDelegate.swift in Sources */,
				986320D22163DBA40069D3F8 /* CashTextFieldDelegate.swift in Sources */,
				986320BD2163A8470069D3F8 /* ViewController.swift in Sources */,
				986320BB2163A8470069D3F8 /* AppDelegate.swift in Sources */,
			);
			runOnlyForDeploymentPostprocessing = 0;
		};
/* End PBXSourcesBuildPhase section */

/* Begin PBXVariantGroup section */
		986320BE2163A8470069D3F8 /* Main.storyboard */ = {
			isa = PBXVariantGroup;
			children = (
				986320BF2163A8470069D3F8 /* Base */,
			);
			name = Main.storyboard;
			sourceTree = "<group>";
		};
		986320C32163A84A0069D3F8 /* LaunchScreen.storyboard */ = {
			isa = PBXVariantGroup;
			children = (
				986320C42163A84A0069D3F8 /* Base */,
			);
			name = LaunchScreen.storyboard;
			sourceTree = "<group>";
		};
/* End PBXVariantGroup section */

/* Begin XCBuildConfiguration section */
		986320C72163A84A0069D3F8 /* Debug */ = {
			isa = XCBuildConfiguration;
			buildSettings = {
				ALWAYS_SEARCH_USER_PATHS = NO;
				CLANG_ANALYZER_NONNULL = YES;
				CLANG_ANALYZER_NUMBER_OBJECT_CONVERSION = YES_AGGRESSIVE;
				CLANG_CXX_LANGUAGE_STANDARD = "gnu++14";
				CLANG_CXX_LIBRARY = "libc++";
				CLANG_ENABLE_MODULES = YES;
				CLANG_ENABLE_OBJC_ARC = YES;
				CLANG_ENABLE_OBJC_WEAK = YES;
				CLANG_WARN_BLOCK_CAPTURE_AUTORELEASING = YES;
				CLANG_WARN_BOOL_CONVERSION = YES;
				CLANG_WARN_COMMA = YES;
				CLANG_WARN_CONSTANT_CONVERSION = YES;
				CLANG_WARN_DEPRECATED_OBJC_IMPLEMENTATIONS = YES;
				CLANG_WARN_DIRECT_OBJC_ISA_USAGE = YES_ERROR;
				CLANG_WARN_DOCUMENTATION_COMMENTS = YES;
				CLANG_WARN_EMPTY_BODY = YES;
				CLANG_WARN_ENUM_CONVERSION = YES;
				CLANG_WARN_INFINITE_RECURSION = YES;
				CLANG_WARN_INT_CONVERSION = YES;
				CLANG_WARN_NON_LITERAL_NULL_CONVERSION = YES;
				CLANG_WARN_OBJC_IMPLICIT_RETAIN_SELF = YES;
				CLANG_WARN_OBJC_LITERAL_CONVERSION = YES;
				CLANG_WARN_OBJC_ROOT_CLASS = YES_ERROR;
				CLANG_WARN_RANGE_LOOP_ANALYSIS = YES;
				CLANG_WARN_STRICT_PROTOTYPES = YES;
				CLANG_WARN_SUSPICIOUS_MOVE = YES;
				CLANG_WARN_UNGUARDED_AVAILABILITY = YES_AGGRESSIVE;
				CLANG_WARN_UNREACHABLE_CODE = YES;
				CLANG_WARN__DUPLICATE_METHOD_MATCH = YES;
				CODE_SIGN_IDENTITY = "iPhone Developer";
				COPY_PHASE_STRIP = NO;
				DEBUG_INFORMATION_FORMAT = dwarf;
				ENABLE_STRICT_OBJC_MSGSEND = YES;
				ENABLE_TESTABILITY = YES;
				GCC_C_LANGUAGE_STANDARD = gnu11;
				GCC_DYNAMIC_NO_PIC = NO;
				GCC_NO_COMMON_BLOCKS = YES;
				GCC_OPTIMIZATION_LEVEL = 0;
				GCC_PREPROCESSOR_DEFINITIONS = (
					"DEBUG=1",
					"$(inherited)",
				);
				GCC_WARN_64_TO_32_BIT_CONVERSION = YES;
				GCC_WARN_ABOUT_RETURN_TYPE = YES_ERROR;
				GCC_WARN_UNDECLARED_SELECTOR = YES;
				GCC_WARN_UNINITIALIZED_AUTOS = YES_AGGRESSIVE;
				GCC_WARN_UNUSED_FUNCTION = YES;
				GCC_WARN_UNUSED_VARIABLE = YES;
				IPHONEOS_DEPLOYMENT_TARGET = 12.0;
				MTL_ENABLE_DEBUG_INFO = INCLUDE_SOURCE;
				MTL_FAST_MATH = YES;
				ONLY_ACTIVE_ARCH = YES;
				SDKROOT = iphoneos;
				SWIFT_ACTIVE_COMPILATION_CONDITIONS = DEBUG;
				SWIFT_OPTIMIZATION_LEVEL = "-Onone";
			};
			name = Debug;
		};
		986320C82163A84A0069D3F8 /* Release */ = {
			isa = XCBuildConfiguration;
			buildSettings = {
				ALWAYS_SEARCH_USER_PATHS = NO;
				CLANG_ANALYZER_NONNULL = YES;
				CLANG_ANALYZER_NUMBER_OBJECT_CONVERSION = YES_AGGRESSIVE;
				CLANG_CXX_LANGUAGE_STANDARD = "gnu++14";
				CLANG_CXX_LIBRARY = "libc++";
				CLANG_ENABLE_MODULES = YES;
				CLANG_ENABLE_OBJC_ARC = YES;
				CLANG_ENABLE_OBJC_WEAK = YES;
				CLANG_WARN_BLOCK_CAPTURE_AUTORELEASING = YES;
				CLANG_WARN_BOOL_CONVERSION = YES;
				CLANG_WARN_COMMA = YES;
				CLANG_WARN_CONSTANT_CONVERSION = YES;
				CLANG_WARN_DEPRECATED_OBJC_IMPLEMENTATIONS = YES;
				CLANG_WARN_DIRECT_OBJC_ISA_USAGE = YES_ERROR;
				CLANG_WARN_DOCUMENTATION_COMMENTS = YES;
				CLANG_WARN_EMPTY_BODY = YES;
				CLANG_WARN_ENUM_CONVERSION = YES;
				CLANG_WARN_INFINITE_RECURSION = YES;
				CLANG_WARN_INT_CONVERSION = YES;
				CLANG_WARN_NON_LITERAL_NULL_CONVERSION = YES;
				CLANG_WARN_OBJC_IMPLICIT_RETAIN_SELF = YES;
				CLANG_WARN_OBJC_LITERAL_CONVERSION = YES;
				CLANG_WARN_OBJC_ROOT_CLASS = YES_ERROR;
				CLANG_WARN_RANGE_LOOP_ANALYSIS = YES;
				CLANG_WARN_STRICT_PROTOTYPES = YES;
				CLANG_WARN_SUSPICIOUS_MOVE = YES;
				CLANG_WARN_UNGUARDED_AVAILABILITY = YES_AGGRESSIVE;
				CLANG_WARN_UNREACHABLE_CODE = YES;
				CLANG_WARN__DUPLICATE_METHOD_MATCH = YES;
				CODE_SIGN_IDENTITY = "iPhone Developer";
				COPY_PHASE_STRIP = NO;
				DEBUG_INFORMATION_FORMAT = "dwarf-with-dsym";
				ENABLE_NS_ASSERTIONS = NO;
				ENABLE_STRICT_OBJC_MSGSEND = YES;
				GCC_C_LANGUAGE_STANDARD = gnu11;
				GCC_NO_COMMON_BLOCKS = YES;
				GCC_WARN_64_TO_32_BIT_CONVERSION = YES;
				GCC_WARN_ABOUT_RETURN_TYPE = YES_ERROR;
				GCC_WARN_UNDECLARED_SELECTOR = YES;
				GCC_WARN_UNINITIALIZED_AUTOS = YES_AGGRESSIVE;
				GCC_WARN_UNUSED_FUNCTION = YES;
				GCC_WARN_UNUSED_VARIABLE = YES;
				IPHONEOS_DEPLOYMENT_TARGET = 12.0;
				MTL_ENABLE_DEBUG_INFO = NO;
				MTL_FAST_MATH = YES;
				SDKROOT = iphoneos;
				SWIFT_COMPILATION_MODE = wholemodule;
				SWIFT_OPTIMIZATION_LEVEL = "-O";
				VALIDATE_PRODUCT = YES;
			};
			name = Release;
		};
		986320CA2163A84A0069D3F8 /* Debug */ = {
			isa = XCBuildConfiguration;
			buildSettings = {
				ASSETCATALOG_COMPILER_APPICON_NAME = AppIcon;
				CODE_SIGN_STYLE = Automatic;
				INFOPLIST_FILE = DelegatesChallenge/Info.plist;
				LD_RUNPATH_SEARCH_PATHS = (
					"$(inherited)",
					"@executable_path/Frameworks",
				);
				PRODUCT_BUNDLE_IDENTIFIER = feliperibeiro.DelegatesChallenge;
				PRODUCT_NAME = "$(TARGET_NAME)";
				SWIFT_VERSION = 4.2;
				TARGETED_DEVICE_FAMILY = 1;
			};
			name = Debug;
		};
		986320CB2163A84A0069D3F8 /* Release */ = {
			isa = XCBuildConfiguration;
			buildSettings = {
				ASSETCATALOG_COMPILER_APPICON_NAME = AppIcon;
				CODE_SIGN_STYLE = Automatic;
				INFOPLIST_FILE = DelegatesChallenge/Info.plist;
				LD_RUNPATH_SEARCH_PATHS = (
					"$(inherited)",
					"@executable_path/Frameworks",
				);
				PRODUCT_BUNDLE_IDENTIFIER = feliperibeiro.DelegatesChallenge;
				PRODUCT_NAME = "$(TARGET_NAME)";
				SWIFT_VERSION = 4.2;
				TARGETED_DEVICE_FAMILY = 1;
			};
			name = Release;
		};
/* End XCBuildConfiguration section */

/* Begin XCConfigurationList section */
		986320B22163A8470069D3F8 /* Build configuration list for PBXProject "DelegatesChallenge" */ = {
			isa = XCConfigurationList;
			buildConfigurations = (
				986320C72163A84A0069D3F8 /* Debug */,
				986320C82163A84A0069D3F8 /* Release */,
			);
			defaultConfigurationIsVisible = 0;
			defaultConfigurationName = Release;
		};
		986320C92163A84A0069D3F8 /* Build configuration list for PBXNativeTarget "DelegatesChallenge" */ = {
			isa = XCConfigurationList;
			buildConfigurations = (
				986320CA2163A84A0069D3F8 /* Debug */,
				986320CB2163A84A0069D3F8 /* Release */,
			);
			defaultConfigurationIsVisible = 0;
			defaultConfigurationName = Release;
		};
/* End XCConfigurationList section */
	};
	rootObject = 986320AF2163A8470069D3F8 /* Project object */;
}
